// !$*UTF8*$!
{
	archiveVersion = 1;
	classes = {
	};
	objectVersion = 56;
	objects = {

/* Begin PBXBuildFile section */
		6922BCD72D0EE2D7003E8013 /* SwiftUI.framework in Frameworks */ = {isa = PBXBuildFile; fileRef = 6922BCD62D0EE2D7003E8013 /* SwiftUI.framework */; };
		6922BCD92D0EE2E0003E8013 /* ScreenCaptureKit.framework in Frameworks */ = {isa = PBXBuildFile; fileRef = 6922BCD82D0EE2E0003E8013 /* ScreenCaptureKit.framework */; };
		6922BCDB2D0EE2E9003E8013 /* AppKit.framework in Frameworks */ = {isa = PBXBuildFile; fileRef = 6922BCDA2D0EE2E9003E8013 /* AppKit.framework */; };
		6922BCDE2D0EE8B4003E8013 /* Assets.xcassets in Resources */ = {isa = PBXBuildFile; fileRef = 6922BCDD2D0EE8B4003E8013 /* Assets.xcassets */; };
		69A6C1DB2D0DB4D300A55CB1 /* ScreenCapturePermissionManager.swift in Sources */ = {isa = PBXBuildFile; fileRef = 69A6C1DA2D0DB4D300A55CB0 /* ScreenCapturePermissionManager.swift */; };
		69D510AC2D0DC183002263C5 /* HotKeyCallbacks.swift in Sources */ = {isa = PBXBuildFile; fileRef = 69D510AB2D0DC183002263C5 /* HotKeyCallbacks.swift */; };
		69D510B22D0DC69A002263C5 /* ScreenshotWindow.swift in Sources */ = {isa = PBXBuildFile; fileRef = 69D510B12D0DC69A002263C5 /* ScreenshotWindow.swift */; };
		69D510B42D0DD61B002263C5 /* SCRCapture.swift in Sources */ = {isa = PBXBuildFile; fileRef = 69D510B32D0DD61B002263C5 /* SCRCapture.swift */; };
		8D1A0F012B2AE1A000000001 /* ExtShot.swift in Sources */ = {isa = PBXBuildFile; fileRef = 8D1A0F002B2AE1A000000002 /* ExtShot.swift */; };
		8D1A0F032B2AE1A000000003 /* PopoverView.swift in Sources */ = {isa = PBXBuildFile; fileRef = 8D1A0F022B2AE1A000000004 /* PopoverView.swift */; };
		8D1A0F052B2AE1A000000005 /* ScreenshotManager.swift in Sources */ = {isa = PBXBuildFile; fileRef = 8D1A0F042B2AE1A000000006 /* ScreenshotManager.swift */; };
/* End PBXBuildFile section */

/* Begin PBXFileReference section */
		6922BCD62D0EE2D7003E8013 /* SwiftUI.framework */ = {isa = PBXFileReference; lastKnownFileType = wrapper.framework; name = SwiftUI.framework; path = System/Library/Frameworks/SwiftUI.framework; sourceTree = SDKROOT; };
		6922BCD82D0EE2E0003E8013 /* ScreenCaptureKit.framework */ = {isa = PBXFileReference; lastKnownFileType = wrapper.framework; name = ScreenCaptureKit.framework; path = System/Library/Frameworks/ScreenCaptureKit.framework; sourceTree = SDKROOT; };
		6922BCDA2D0EE2E9003E8013 /* AppKit.framework */ = {isa = PBXFileReference; lastKnownFileType = wrapper.framework; name = AppKit.framework; path = System/Library/Frameworks/AppKit.framework; sourceTree = SDKROOT; };
		6922BCDC2D0EE3DE003E8013 /* ExtShot.entitlements */ = {isa = PBXFileReference; lastKnownFileType = text.plist.entitlements; path = ExtShot.entitlements; sourceTree = "<group>"; };
		6922BCDD2D0EE8B4003E8013 /* Assets.xcassets */ = {isa = PBXFileReference; lastKnownFileType = folder.assetcatalog; path = Assets.xcassets; sourceTree = "<group>"; };
		69A6C1DA2D0DB4D300A55CB0 /* ScreenCapturePermissionManager.swift */ = {isa = PBXFileReference; lastKnownFileType = sourcecode.swift; path = ScreenCapturePermissionManager.swift; sourceTree = "<group>"; };
		69D510AB2D0DC183002263C5 /* HotKeyCallbacks.swift */ = {isa = PBXFileReference; lastKnownFileType = sourcecode.swift; path = HotKeyCallbacks.swift; sourceTree = "<group>"; };
		69D510B12D0DC69A002263C5 /* ScreenshotWindow.swift */ = {isa = PBXFileReference; lastKnownFileType = sourcecode.swift; path = ScreenshotWindow.swift; sourceTree = "<group>"; };
		69D510B32D0DD61B002263C5 /* SCRCapture.swift */ = {isa = PBXFileReference; lastKnownFileType = sourcecode.swift; path = SCRCapture.swift; sourceTree = "<group>"; };
		8D1A0EFD2B2AE1A000000007 /* ExtShot.app */ = {isa = PBXFileReference; explicitFileType = wrapper.application; includeInIndex = 0; path = ExtShot.app; sourceTree = BUILT_PRODUCTS_DIR; };
		8D1A0F002B2AE1A000000002 /* ExtShot.swift */ = {isa = PBXFileReference; lastKnownFileType = sourcecode.swift; path = ExtShot.swift; sourceTree = "<group>"; };
		8D1A0F022B2AE1A000000004 /* PopoverView.swift */ = {isa = PBXFileReference; lastKnownFileType = sourcecode.swift; path = PopoverView.swift; sourceTree = "<group>"; };
		8D1A0F042B2AE1A000000006 /* ScreenshotManager.swift */ = {isa = PBXFileReference; lastKnownFileType = sourcecode.swift; path = ScreenshotManager.swift; sourceTree = "<group>"; };
		8D1A0F062B2AE1A000000008 /* Info.plist */ = {isa = PBXFileReference; lastKnownFileType = text.plist.xml; path = Info.plist; sourceTree = "<group>"; };
/* End PBXFileReference section */

/* Begin PBXFrameworksBuildPhase section */
		8D1A0EFA2B2AE1A000000009 /* Frameworks */ = {
			isa = PBXFrameworksBuildPhase;
			buildActionMask = 2147483647;
			files = (
				6922BCDB2D0EE2E9003E8013 /* AppKit.framework in Frameworks */,
				6922BCD92D0EE2E0003E8013 /* ScreenCaptureKit.framework in Frameworks */,
				6922BCD72D0EE2D7003E8013 /* SwiftUI.framework in Frameworks */,
			);
			runOnlyForDeploymentPostprocessing = 0;
		};
/* End PBXFrameworksBuildPhase section */

/* Begin PBXGroup section */
		6922BCD52D0EE2D7003E8013 /* Frameworks */ = {
			isa = PBXGroup;
			children = (
				6922BCDA2D0EE2E9003E8013 /* AppKit.framework */,
				6922BCD82D0EE2E0003E8013 /* ScreenCaptureKit.framework */,
				6922BCD62D0EE2D7003E8013 /* SwiftUI.framework */,
			);
			name = Frameworks;
			sourceTree = "<group>";
		};
		8D1A0EF42B2AE1A000000010 = {
			isa = PBXGroup;
			children = (
				8D1A0EFF2B2AE1A000000011 /* ExtShot */,
				6922BCD52D0EE2D7003E8013 /* Frameworks */,
				8D1A0EFE2B2AE1A000000012 /* Products */,
			);
			sourceTree = "<group>";
		};
		8D1A0EFE2B2AE1A000000012 /* Products */ = {
			isa = PBXGroup;
			children = (
				8D1A0EFD2B2AE1A000000007 /* ExtShot.app */,
			);
			name = Products;
			sourceTree = "<group>";
		};
		8D1A0EFF2B2AE1A000000011 /* ExtShot */ = {
			isa = PBXGroup;
			children = (
				6922BCDD2D0EE8B4003E8013 /* Assets.xcassets */,
				6922BCDC2D0EE3DE003E8013 /* ExtShot.entitlements */,
				69D510B32D0DD61B002263C5 /* SCRCapture.swift */,
				69D510B12D0DC69A002263C5 /* ScreenshotWindow.swift */,
				69D510AB2D0DC183002263C5 /* HotKeyCallbacks.swift */,
				8D1A0F002B2AE1A000000002 /* ExtShot.swift */,
				8D1A0F022B2AE1A000000004 /* PopoverView.swift */,
				8D1A0F042B2AE1A000000006 /* ScreenshotManager.swift */,
				8D1A0F062B2AE1A000000008 /* Info.plist */,
				69A6C1DA2D0DB4D300A55CB0 /* ScreenCapturePermissionManager.swift */,
			);
			path = ExtShot;
			sourceTree = "<group>";
		};
/* End PBXGroup section */

/* Begin PBXNativeTarget section */
		8D1A0EFC2B2AE1A000000013 /* ExtShot */ = {
			isa = PBXNativeTarget;
			buildConfigurationList = 8D1A0F0C2B2AE1A000000014 /* Build configuration list for PBXNativeTarget "ExtShot" */;
			buildPhases = (
				8D1A0EF92B2AE1A000000015 /* Sources */,
				8D1A0EFA2B2AE1A000000009 /* Frameworks */,
				8D1A0EFB2B2AE1A000000016 /* Resources */,
			);
			buildRules = (
			);
			dependencies = (
			);
			name = ExtShot;
			productName = ExtShot;
			productReference = 8D1A0EFD2B2AE1A000000007 /* ExtShot.app */;
			productType = "com.apple.product-type.application";
		};
/* End PBXNativeTarget section */

/* Begin PBXProject section */
		8D1A0EF52B2AE1A000000017 /* Project object */ = {
			isa = PBXProject;
			attributes = {
				BuildIndependentTargetsInParallel = 1;
				LastSwiftUpdateCheck = 1500;
				LastUpgradeCheck = 1620;
				TargetAttributes = {
					8D1A0EFC2B2AE1A000000013 = {
						CreatedOnToolsVersion = 15.0;
					};
				};
			};
			buildConfigurationList = 8D1A0EF82B2AE1A000000018 /* Build configuration list for PBXProject "ExtShot" */;
			compatibilityVersion = "Xcode 14.0";
			developmentRegion = en;
			hasScannedForEncodings = 0;
			knownRegions = (
				en,
				Base,
			);
			mainGroup = 8D1A0EF42B2AE1A000000010;
			productRefGroup = 8D1A0EFE2B2AE1A000000012 /* Products */;
			projectDirPath = "";
			projectRoot = "";
			targets = (
				8D1A0EFC2B2AE1A000000013 /* ExtShot */,
			);
		};
/* End PBXProject section */

/* Begin PBXResourcesBuildPhase section */
		8D1A0EFB2B2AE1A000000016 /* Resources */ = {
			isa = PBXResourcesBuildPhase;
			buildActionMask = 2147483647;
			files = (
				6922BCDE2D0EE8B4003E8013 /* Assets.xcassets in Resources */,
			);
			runOnlyForDeploymentPostprocessing = 0;
		};
/* End PBXResourcesBuildPhase section */

/* Begin PBXSourcesBuildPhase section */
		8D1A0EF92B2AE1A000000015 /* Sources */ = {
			isa = PBXSourcesBuildPhase;
			buildActionMask = 2147483647;
			files = (
				69D510AC2D0DC183002263C5 /* HotKeyCallbacks.swift in Sources */,
				8D1A0F012B2AE1A000000001 /* ExtShot.swift in Sources */,
				8D1A0F032B2AE1A000000003 /* PopoverView.swift in Sources */,
				8D1A0F052B2AE1A000000005 /* ScreenshotManager.swift in Sources */,
				69A6C1DB2D0DB4D300A55CB1 /* ScreenCapturePermissionManager.swift in Sources */,
				69D510B42D0DD61B002263C5 /* SCRCapture.swift in Sources */,
				69D510B22D0DC69A002263C5 /* ScreenshotWindow.swift in Sources */,
			);
			runOnlyForDeploymentPostprocessing = 0;
		};
/* End PBXSourcesBuildPhase section */

/* Begin XCBuildConfiguration section */
		8D1A0F0A2B2AE1A000000019 /* Debug */ = {
			isa = XCBuildConfiguration;
			buildSettings = {
				ALWAYS_SEARCH_USER_PATHS = NO;
				ASSETCATALOG_COMPILER_GENERATE_SWIFT_ASSET_SYMBOL_EXTENSIONS = YES;
				CLANG_ANALYZER_NONNULL = YES;
				CLANG_ANALYZER_NUMBER_OBJECT_CONVERSION = YES_AGGRESSIVE;
				CLANG_CXX_LANGUAGE_STANDARD = "gnu++20";
				CLANG_ENABLE_MODULES = YES;
				CLANG_ENABLE_OBJC_ARC = YES;
				CLANG_ENABLE_OBJC_WEAK = YES;
				CLANG_WARN_BLOCK_CAPTURE_AUTORELEASING = YES;
				CLANG_WARN_BOOL_CONVERSION = YES;
				CLANG_WARN_COMMA = YES;
				CLANG_WARN_CONSTANT_CONVERSION = YES;
				CLANG_WARN_DEPRECATED_OBJC_IMPLEMENTATIONS = YES;
				CLANG_WARN_DIRECT_OBJC_ISA_USAGE = YES_ERROR;
				CLANG_WARN_DOCUMENTATION_COMMENTS = YES;
				CLANG_WARN_EMPTY_BODY = YES;
				CLANG_WARN_ENUM_CONVERSION = YES;
				CLANG_WARN_INFINITE_RECURSION = YES;
				CLANG_WARN_INT_CONVERSION = YES;
				CLANG_WARN_NON_LITERAL_NULL_CONVERSION = YES;
				CLANG_WARN_OBJC_IMPLICIT_RETAIN_SELF = YES;
				CLANG_WARN_OBJC_LITERAL_CONVERSION = YES;
				CLANG_WARN_OBJC_ROOT_CLASS = YES_ERROR;
				CLANG_WARN_QUOTED_INCLUDE_IN_FRAMEWORK_HEADER = YES;
				CLANG_WARN_RANGE_LOOP_ANALYSIS = YES;
				CLANG_WARN_STRICT_PROTOTYPES = YES;
				CLANG_WARN_SUSPICIOUS_MOVE = YES;
				CLANG_WARN_UNGUARDED_AVAILABILITY = YES_AGGRESSIVE;
				CLANG_WARN_UNREACHABLE_CODE = YES;
				CLANG_WARN__DUPLICATE_METHOD_MATCH = YES;
				COPY_PHASE_STRIP = NO;
				DEAD_CODE_STRIPPING = YES;
				DEBUG_INFORMATION_FORMAT = dwarf;
				ENABLE_STRICT_OBJC_MSGSEND = YES;
				ENABLE_TESTABILITY = YES;
				ENABLE_USER_SCRIPT_SANDBOXING = YES;
				GCC_C_LANGUAGE_STANDARD = gnu17;
				GCC_DYNAMIC_NO_PIC = NO;
				GCC_NO_COMMON_BLOCKS = YES;
				GCC_OPTIMIZATION_LEVEL = 0;
				GCC_PREPROCESSOR_DEFINITIONS = (
					"DEBUG=1",
					"$(inherited)",
				);
				GCC_WARN_64_TO_32_BIT_CONVERSION = YES;
				GCC_WARN_ABOUT_RETURN_TYPE = YES_ERROR;
				GCC_WARN_UNDECLARED_SELECTOR = YES;
				GCC_WARN_UNINITIALIZED_AUTOS = YES_AGGRESSIVE;
				GCC_WARN_UNUSED_FUNCTION = YES;
				GCC_WARN_UNUSED_VARIABLE = YES;
				LOCALIZATION_PREFERS_STRING_CATALOGS = YES;
				MACOSX_DEPLOYMENT_TARGET = 14.6;
				MTL_ENABLE_DEBUG_INFO = INCLUDE_SOURCE;
				MTL_FAST_MATH = YES;
				ONLY_ACTIVE_ARCH = YES;
				SDKROOT = macosx;
				SWIFT_ACTIVE_COMPILATION_CONDITIONS = "DEBUG $(inherited)";
				SWIFT_OPTIMIZATION_LEVEL = "-Onone";
			};
			name = Debug;
		};
		8D1A0F0B2B2AE1A000000020 /* Release */ = {
			isa = XCBuildConfiguration;
			buildSettings = {
				ALWAYS_SEARCH_USER_PATHS = NO;
				ASSETCATALOG_COMPILER_GENERATE_SWIFT_ASSET_SYMBOL_EXTENSIONS = YES;
				CLANG_ANALYZER_NONNULL = YES;
				CLANG_ANALYZER_NUMBER_OBJECT_CONVERSION = YES_AGGRESSIVE;
				CLANG_CXX_LANGUAGE_STANDARD = "gnu++20";
				CLANG_ENABLE_MODULES = YES;
				CLANG_ENABLE_OBJC_ARC = YES;
				CLANG_ENABLE_OBJC_WEAK = YES;
				CLANG_WARN_BLOCK_CAPTURE_AUTORELEASING = YES;
				CLANG_WARN_BOOL_CONVERSION = YES;
				CLANG_WARN_COMMA = YES;
				CLANG_WARN_CONSTANT_CONVERSION = YES;
				CLANG_WARN_DEPRECATED_OBJC_IMPLEMENTATIONS = YES;
				CLANG_WARN_DIRECT_OBJC_ISA_USAGE = YES_ERROR;
				CLANG_WARN_DOCUMENTATION_COMMENTS = YES;
				CLANG_WARN_EMPTY_BODY = YES;
				CLANG_WARN_ENUM_CONVERSION = YES;
				CLANG_WARN_INFINITE_RECURSION = YES;
				CLANG_WARN_INT_CONVERSION = YES;
				CLANG_WARN_NON_LITERAL_NULL_CONVERSION = YES;
				CLANG_WARN_OBJC_IMPLICIT_RETAIN_SELF = YES;
				CLANG_WARN_OBJC_LITERAL_CONVERSION = YES;
				CLANG_WARN_OBJC_ROOT_CLASS = YES_ERROR;
				CLANG_WARN_QUOTED_INCLUDE_IN_FRAMEWORK_HEADER = YES;
				CLANG_WARN_RANGE_LOOP_ANALYSIS = YES;
				CLANG_WARN_STRICT_PROTOTYPES = YES;
				CLANG_WARN_SUSPICIOUS_MOVE = YES;
				CLANG_WARN_UNGUARDED_AVAILABILITY = YES_AGGRESSIVE;
				CLANG_WARN_UNREACHABLE_CODE = YES;
				CLANG_WARN__DUPLICATE_METHOD_MATCH = YES;
				COPY_PHASE_STRIP = NO;
				DEAD_CODE_STRIPPING = YES;
				DEBUG_INFORMATION_FORMAT = "dwarf-with-dsym";
				ENABLE_NS_ASSERTIONS = NO;
				ENABLE_STRICT_OBJC_MSGSEND = YES;
				ENABLE_USER_SCRIPT_SANDBOXING = YES;
				GCC_C_LANGUAGE_STANDARD = gnu17;
				GCC_NO_COMMON_BLOCKS = YES;
				GCC_WARN_64_TO_32_BIT_CONVERSION = YES;
				GCC_WARN_ABOUT_RETURN_TYPE = YES_ERROR;
				GCC_WARN_UNDECLARED_SELECTOR = YES;
				GCC_WARN_UNINITIALIZED_AUTOS = YES_AGGRESSIVE;
				GCC_WARN_UNUSED_FUNCTION = YES;
				GCC_WARN_UNUSED_VARIABLE = YES;
				LOCALIZATION_PREFERS_STRING_CATALOGS = YES;
				MACOSX_DEPLOYMENT_TARGET = 14.6;
				MTL_ENABLE_DEBUG_INFO = NO;
				MTL_FAST_MATH = YES;
				SDKROOT = macosx;
				SWIFT_COMPILATION_MODE = wholemodule;
			};
			name = Release;
		};
		8D1A0F0D2B2AE1A000000021 /* Debug */ = {
			isa = XCBuildConfiguration;
			buildSettings = {
				ASSETCATALOG_COMPILER_APPICON_NAME = AppIcon;
				ASSETCATALOG_COMPILER_GLOBAL_ACCENT_COLOR_NAME = AccentColor;
				ASSETCATALOG_COMPILER_INCLUDE_ALL_APPICON_ASSETS = YES;
				CODE_SIGN_ENTITLEMENTS = ExtShot/ExtShot.entitlements;
				"CODE_SIGN_IDENTITY[sdk=macosx*]" = "Apple Development";
				CODE_SIGN_STYLE = Automatic;
				COMBINE_HIDPI_IMAGES = YES;
				CURRENT_PROJECT_VERSION = 1;
				DEAD_CODE_STRIPPING = YES;
				DEVELOPMENT_TEAM = QYCCAHA3A4;
				ENABLE_HARDENED_RUNTIME = YES;
				GENERATE_INFOPLIST_FILE = YES;
				INFOPLIST_FILE = ExtShot/Info.plist;
				INFOPLIST_KEY_CFBundleDisplayName = ExtShot;
				INFOPLIST_KEY_LSApplicationCategoryType = "public.app-category.utilities";
				INFOPLIST_KEY_NSHumanReadableCopyright = "";
				INFOPLIST_KEY_NSPrincipalClass = NSApplication;
				LD_RUNPATH_SEARCH_PATHS = (
					"$(inherited)",
					"@executable_path/../Frameworks",
				);
				MARKETING_VERSION = 0.1.0;
				PRODUCT_BUNDLE_IDENTIFIER = com.extshot.app;
				PRODUCT_NAME = "$(TARGET_NAME)";
				SWIFT_EMIT_LOC_STRINGS = YES;
				SWIFT_VERSION = 5.0;
			};
			name = Debug;
		};
		8D1A0F0E2B2AE1A000000022 /* Release */ = {
			isa = XCBuildConfiguration;
			buildSettings = {
				ASSETCATALOG_COMPILER_APPICON_NAME = AppIcon;
				ASSETCATALOG_COMPILER_GLOBAL_ACCENT_COLOR_NAME = AccentColor;
				ASSETCATALOG_COMPILER_INCLUDE_ALL_APPICON_ASSETS = YES;
				CODE_SIGN_ENTITLEMENTS = ExtShot/ExtShot.entitlements;
				"CODE_SIGN_IDENTITY[sdk=macosx*]" = "Apple Development";
				CODE_SIGN_STYLE = Automatic;
				COMBINE_HIDPI_IMAGES = YES;
				CURRENT_PROJECT_VERSION = 1;
				DEAD_CODE_STRIPPING = YES;
				DEVELOPMENT_TEAM = QYCCAHA3A4;
				ENABLE_HARDENED_RUNTIME = YES;
				GENERATE_INFOPLIST_FILE = YES;
				INFOPLIST_FILE = ExtShot/Info.plist;
				INFOPLIST_KEY_CFBundleDisplayName = ExtShot;
				INFOPLIST_KEY_LSApplicationCategoryType = "public.app-category.utilities";
				INFOPLIST_KEY_NSHumanReadableCopyright = "";
				INFOPLIST_KEY_NSPrincipalClass = NSApplication;
				LD_RUNPATH_SEARCH_PATHS = (
					"$(inherited)",
					"@executable_path/../Frameworks",
				);
				MARKETING_VERSION = 0.1.0;
				PRODUCT_BUNDLE_IDENTIFIER = com.extshot.app;
				PRODUCT_NAME = "$(TARGET_NAME)";
				SWIFT_EMIT_LOC_STRINGS = YES;
				SWIFT_VERSION = 5.0;
			};
			name = Release;
		};
/* End XCBuildConfiguration section */

/* Begin XCConfigurationList section */
		8D1A0EF82B2AE1A000000018 /* Build configuration list for PBXProject "ExtShot" */ = {
			isa = XCConfigurationList;
			buildConfigurations = (
				8D1A0F0A2B2AE1A000000019 /* Debug */,
				8D1A0F0B2B2AE1A000000020 /* Release */,
			);
			defaultConfigurationIsVisible = 0;
			defaultConfigurationName = Release;
		};
		8D1A0F0C2B2AE1A000000014 /* Build configuration list for PBXNativeTarget "ExtShot" */ = {
			isa = XCConfigurationList;
			buildConfigurations = (
				8D1A0F0D2B2AE1A000000021 /* Debug */,
				8D1A0F0E2B2AE1A000000022 /* Release */,
			);
			defaultConfigurationIsVisible = 0;
			defaultConfigurationName = Release;
		};
/* End XCConfigurationList section */
	};
	rootObject = 8D1A0EF52B2AE1A000000017 /* Project object */;
}
